
Microsoft Visual Studio Solution File, Format Version 12.00
# Visual Studio 15
VisualStudioVersion = 15.0.28307.572
MinimumVisualStudioVersion = 10.0.40219.1
Project("{FAE04EC0-301F-11D3-BF4B-00C04F79EFBC}") = "SitemapV8Website", "SitemapV8Website\SitemapV8Website.csproj", "{77BD5603-AEC7-4AD3-9770-8551AF070BB8}"
	ProjectSection(ProjectDependencies) = postProject
		{EA993E59-98D3-4ABB-A4BE-1930E5FCA0DB} = {EA993E59-98D3-4ABB-A4BE-1930E5FCA0DB}
	EndProjectSection
EndProject
Project("{FAE04EC0-301F-11D3-BF4B-00C04F79EFBC}") = "SitemapV8", "SitemapV8\SitemapV8.csproj", "{EA993E59-98D3-4ABB-A4BE-1930E5FCA0DB}"
EndProject
Global
	GlobalSection(SolutionConfigurationPlatforms) = preSolution
		Debug|Any CPU = Debug|Any CPU
		Release|Any CPU = Release|Any CPU
	EndGlobalSection
	GlobalSection(ProjectConfigurationPlatforms) = postSolution
		{77BD5603-AEC7-4AD3-9770-8551AF070BB8}.Debug|Any CPU.ActiveCfg = Debug|Any CPU
		{77BD5603-AEC7-4AD3-9770-8551AF070BB8}.Debug|Any CPU.Build.0 = Debug|Any CPU
		{77BD5603-AEC7-4AD3-9770-8551AF070BB8}.Release|Any CPU.ActiveCfg = Release|Any CPU
		{77BD5603-AEC7-4AD3-9770-8551AF070BB8}.Release|Any CPU.Build.0 = Release|Any CPU
		{EA993E59-98D3-4ABB-A4BE-1930E5FCA0DB}.Debug|Any CPU.ActiveCfg = Debug|Any CPU
		{EA993E59-98D3-4ABB-A4BE-1930E5FCA0DB}.Debug|Any CPU.Build.0 = Debug|Any CPU
		{EA993E59-98D3-4ABB-A4BE-1930E5FCA0DB}.Release|Any CPU.ActiveCfg = Release|Any CPU
		{EA993E59-98D3-4ABB-A4BE-1930E5FCA0DB}.Release|Any CPU.Build.0 = Release|Any CPU
	EndGlobalSection
	GlobalSection(SolutionProperties) = preSolution
		HideSolutionNode = FALSE
	EndGlobalSection
	GlobalSection(ExtensibilityGlobals) = postSolution
		SolutionGuid = {75533570-4BA0-482F-82AE-0EBBCACCEFB6}
	EndGlobalSection
EndGlobal
